
Microsoft Visual Studio Solution File, Format Version 12.00
# Visual Studio 2015
Project("{FAE04EC0-301F-11D3-BF4B-00C04F79EFBC}") = "simplefarm-client.CSharp", "simplefarm-client.CSharp.csproj", "{69F385A7-C24A-3750-807E-AD0E7FB2F4C4}"
EndProject
Project("{FAE04EC0-301F-11D3-BF4B-00C04F79EFBC}") = "simplefarm-client.CSharp.Editor", "simplefarm-client.CSharp.Editor.csproj", "{8C546DF9-0477-C029-8F49-411CA6268200}"
EndProject
Global
	GlobalSection(SolutionConfigurationPlatforms) = preSolution
		Debug|Any CPU = Debug|Any CPU
		Release|Any CPU = Release|Any CPU
	EndGlobalSection
	GlobalSection(ProjectConfigurationPlatforms) = postSolution
		{69F385A7-C24A-3750-807E-AD0E7FB2F4C4}.Debug|Any CPU.ActiveCfg = Debug|Any CPU
		{69F385A7-C24A-3750-807E-AD0E7FB2F4C4}.Debug|Any CPU.Build.0 = Debug|Any CPU
		{69F385A7-C24A-3750-807E-AD0E7FB2F4C4}.Release|Any CPU.ActiveCfg = Release|Any CPU
		{69F385A7-C24A-3750-807E-AD0E7FB2F4C4}.Release|Any CPU.Build.0 = Release|Any CPU
		{8C546DF9-0477-C029-8F49-411CA6268200}.Debug|Any CPU.ActiveCfg = Debug|Any CPU
		{8C546DF9-0477-C029-8F49-411CA6268200}.Debug|Any CPU.Build.0 = Debug|Any CPU
		{8C546DF9-0477-C029-8F49-411CA6268200}.Release|Any CPU.ActiveCfg = Release|Any CPU
		{8C546DF9-0477-C029-8F49-411CA6268200}.Release|Any CPU.Build.0 = Release|Any CPU
	EndGlobalSection
	GlobalSection(SolutionProperties) = preSolution
		HideSolutionNode = FALSE
	EndGlobalSection
EndGlobal
